// !$*UTF8*$!
{
	archiveVersion = 1;
	classes = {
	};
	objectVersion = 55;
	objects = {

/* Begin PBXBuildFile section */
		043CD906293DF5F10073B8E6 /* CoinsSetPresenter.swift in Sources */ = {isa = PBXBuildFile; fileRef = 043CD905293DF5F10073B8E6 /* CoinsSetPresenter.swift */; };
		0446F1AA294495AE0051F0B7 /* CoinDetailsViewController.swift in Sources */ = {isa = PBXBuildFile; fileRef = 0446F1A9294495AE0051F0B7 /* CoinDetailsViewController.swift */; };
		0446F1AC294495DE0051F0B7 /* CoinDetailsView.swift in Sources */ = {isa = PBXBuildFile; fileRef = 0446F1AB294495DE0051F0B7 /* CoinDetailsView.swift */; };
		04A462B6292E08CB0009C57C /* AppDelegate.swift in Sources */ = {isa = PBXBuildFile; fileRef = 04A462B5292E08CB0009C57C /* AppDelegate.swift */; };
		04A462B8292E08CB0009C57C /* SceneDelegate.swift in Sources */ = {isa = PBXBuildFile; fileRef = 04A462B7292E08CB0009C57C /* SceneDelegate.swift */; };
		04A462BA292E08CB0009C57C /* SignInViewController.swift in Sources */ = {isa = PBXBuildFile; fileRef = 04A462B9292E08CB0009C57C /* SignInViewController.swift */; };
		04A462BF292E08CE0009C57C /* Assets.xcassets in Resources */ = {isa = PBXBuildFile; fileRef = 04A462BE292E08CE0009C57C /* Assets.xcassets */; };
		04A462C2292E08CE0009C57C /* LaunchScreen.storyboard in Resources */ = {isa = PBXBuildFile; fileRef = 04A462C0292E08CE0009C57C /* LaunchScreen.storyboard */; };
		04A462CF292E292E0009C57C /* AccessDataModel.swift in Sources */ = {isa = PBXBuildFile; fileRef = 04A462CE292E292E0009C57C /* AccessDataModel.swift */; };
		04A462D2292E29CF0009C57C /* SignInView.swift in Sources */ = {isa = PBXBuildFile; fileRef = 04A462D1292E29CF0009C57C /* SignInView.swift */; };
		04A462DD292E3AA00009C57C /* CoinsSetViewController.swift in Sources */ = {isa = PBXBuildFile; fileRef = 04A462DC292E3AA00009C57C /* CoinsSetViewController.swift */; };
		04A462E22930B5150009C57C /* Coordinator.swift in Sources */ = {isa = PBXBuildFile; fileRef = 04A462E12930B5150009C57C /* Coordinator.swift */; };
		04A462E42930B5230009C57C /* MainCoordinator.swift in Sources */ = {isa = PBXBuildFile; fileRef = 04A462E32930B5230009C57C /* MainCoordinator.swift */; };
		04A462E62930B5D40009C57C /* SignInPresenter.swift in Sources */ = {isa = PBXBuildFile; fileRef = 04A462E52930B5D40009C57C /* SignInPresenter.swift */; };
		04DBB029293768E1003F1660 /* CryptoTableViewCell.swift in Sources */ = {isa = PBXBuildFile; fileRef = 04DBB028293768E1003F1660 /* CryptoTableViewCell.swift */; };
		04DBB02B29378129003F1660 /* APISource.swift in Sources */ = {isa = PBXBuildFile; fileRef = 04DBB02A29378129003F1660 /* APISource.swift */; };
		04DBB02D2938CF30003F1660 /* CryptoModel.swift in Sources */ = {isa = PBXBuildFile; fileRef = 04DBB02C2938CF30003F1660 /* CryptoModel.swift */; };
/* End PBXBuildFile section */

/* Begin PBXFileReference section */
		043CD905293DF5F10073B8E6 /* CoinsSetPresenter.swift */ = {isa = PBXFileReference; lastKnownFileType = sourcecode.swift; path = CoinsSetPresenter.swift; sourceTree = "<group>"; };
		0446F1A9294495AE0051F0B7 /* CoinDetailsViewController.swift */ = {isa = PBXFileReference; lastKnownFileType = sourcecode.swift; path = CoinDetailsViewController.swift; sourceTree = "<group>"; };
		0446F1AB294495DE0051F0B7 /* CoinDetailsView.swift */ = {isa = PBXFileReference; lastKnownFileType = sourcecode.swift; path = CoinDetailsView.swift; sourceTree = "<group>"; };
		04A462B2292E08CB0009C57C /* CryptoWallet_GD.app */ = {isa = PBXFileReference; explicitFileType = wrapper.application; includeInIndex = 0; path = CryptoWallet_GD.app; sourceTree = BUILT_PRODUCTS_DIR; };
		04A462B5292E08CB0009C57C /* AppDelegate.swift */ = {isa = PBXFileReference; lastKnownFileType = sourcecode.swift; path = AppDelegate.swift; sourceTree = "<group>"; };
		04A462B7292E08CB0009C57C /* SceneDelegate.swift */ = {isa = PBXFileReference; lastKnownFileType = sourcecode.swift; path = SceneDelegate.swift; sourceTree = "<group>"; };
		04A462B9292E08CB0009C57C /* SignInViewController.swift */ = {isa = PBXFileReference; lastKnownFileType = sourcecode.swift; path = SignInViewController.swift; sourceTree = "<group>"; };
		04A462BE292E08CE0009C57C /* Assets.xcassets */ = {isa = PBXFileReference; lastKnownFileType = folder.assetcatalog; path = Assets.xcassets; sourceTree = "<group>"; };
		04A462C1292E08CE0009C57C /* Base */ = {isa = PBXFileReference; lastKnownFileType = file.storyboard; name = Base; path = Base.lproj/LaunchScreen.storyboard; sourceTree = "<group>"; };
		04A462C3292E08CE0009C57C /* Info.plist */ = {isa = PBXFileReference; lastKnownFileType = text.plist.xml; path = Info.plist; sourceTree = "<group>"; };
		04A462CE292E292E0009C57C /* AccessDataModel.swift */ = {isa = PBXFileReference; lastKnownFileType = sourcecode.swift; path = AccessDataModel.swift; sourceTree = "<group>"; };
		04A462D1292E29CF0009C57C /* SignInView.swift */ = {isa = PBXFileReference; lastKnownFileType = sourcecode.swift; path = SignInView.swift; sourceTree = "<group>"; };
		04A462DC292E3AA00009C57C /* CoinsSetViewController.swift */ = {isa = PBXFileReference; lastKnownFileType = sourcecode.swift; path = CoinsSetViewController.swift; sourceTree = "<group>"; };
		04A462E12930B5150009C57C /* Coordinator.swift */ = {isa = PBXFileReference; lastKnownFileType = sourcecode.swift; path = Coordinator.swift; sourceTree = "<group>"; };
		04A462E32930B5230009C57C /* MainCoordinator.swift */ = {isa = PBXFileReference; lastKnownFileType = sourcecode.swift; path = MainCoordinator.swift; sourceTree = "<group>"; };
		04A462E52930B5D40009C57C /* SignInPresenter.swift */ = {isa = PBXFileReference; lastKnownFileType = sourcecode.swift; path = SignInPresenter.swift; sourceTree = "<group>"; };
		04DBB028293768E1003F1660 /* CryptoTableViewCell.swift */ = {isa = PBXFileReference; lastKnownFileType = sourcecode.swift; path = CryptoTableViewCell.swift; sourceTree = "<group>"; };
		04DBB02A29378129003F1660 /* APISource.swift */ = {isa = PBXFileReference; lastKnownFileType = sourcecode.swift; path = APISource.swift; sourceTree = "<group>"; };
		04DBB02C2938CF30003F1660 /* CryptoModel.swift */ = {isa = PBXFileReference; lastKnownFileType = sourcecode.swift; path = CryptoModel.swift; sourceTree = "<group>"; };
/* End PBXFileReference section */

/* Begin PBXFrameworksBuildPhase section */
		04A462AF292E08CB0009C57C /* Frameworks */ = {
			isa = PBXFrameworksBuildPhase;
			buildActionMask = 2147483647;
			files = (
			);
			runOnlyForDeploymentPostprocessing = 0;
		};
/* End PBXFrameworksBuildPhase section */

/* Begin PBXGroup section */
		04A462A9292E08CB0009C57C = {
			isa = PBXGroup;
			children = (
				04A462B4292E08CB0009C57C /* CryptoWallet_GD */,
				04A462B3292E08CB0009C57C /* Products */,
			);
			sourceTree = "<group>";
		};
		04A462B3292E08CB0009C57C /* Products */ = {
			isa = PBXGroup;
			children = (
				04A462B2292E08CB0009C57C /* CryptoWallet_GD.app */,
			);
			name = Products;
			sourceTree = "<group>";
		};
		04A462B4292E08CB0009C57C /* CryptoWallet_GD */ = {
			isa = PBXGroup;
			children = (
				04A462E02930B5030009C57C /* Coordinator */,
				04A462CD292E28FF0009C57C /* App */,
				04A462C9292E28B70009C57C /* MVP */,
				04A462BE292E08CE0009C57C /* Assets.xcassets */,
				04A462C0292E08CE0009C57C /* LaunchScreen.storyboard */,
				04A462C3292E08CE0009C57C /* Info.plist */,
			);
			path = CryptoWallet_GD;
			sourceTree = "<group>";
		};
		04A462C9292E28B70009C57C /* MVP */ = {
			isa = PBXGroup;
			children = (
				04A462CA292E28C70009C57C /* Models */,
				04A462CC292E28D40009C57C /* Presenter */,
				04A462CB292E28CE0009C57C /* View */,
			);
			path = MVP;
			sourceTree = "<group>";
		};
		04A462CA292E28C70009C57C /* Models */ = {
			isa = PBXGroup;
			children = (
				04A462CE292E292E0009C57C /* AccessDataModel.swift */,
				04DBB02C2938CF30003F1660 /* CryptoModel.swift */,
			);
			path = Models;
			sourceTree = "<group>";
		};
		04A462CB292E28CE0009C57C /* View */ = {
			isa = PBXGroup;
			children = (
				04A462D9292E39650009C57C /* Coins */,
				04A462D0292E29460009C57C /* Auth */,
			);
			path = View;
			sourceTree = "<group>";
		};
		04A462CC292E28D40009C57C /* Presenter */ = {
			isa = PBXGroup;
			children = (
				04A462E52930B5D40009C57C /* SignInPresenter.swift */,
				043CD905293DF5F10073B8E6 /* CoinsSetPresenter.swift */,
			);
			path = Presenter;
			sourceTree = "<group>";
		};
		04A462CD292E28FF0009C57C /* App */ = {
			isa = PBXGroup;
			children = (
				04A462B5292E08CB0009C57C /* AppDelegate.swift */,
				04DBB02A29378129003F1660 /* APISource.swift */,
				04A462B7292E08CB0009C57C /* SceneDelegate.swift */,
			);
			path = App;
			sourceTree = "<group>";
		};
		04A462D0292E29460009C57C /* Auth */ = {
			isa = PBXGroup;
			children = (
				04A462D3292E2ACA0009C57C /* Sign In */,
			);
			path = Auth;
			sourceTree = "<group>";
		};
		04A462D3292E2ACA0009C57C /* Sign In */ = {
			isa = PBXGroup;
			children = (
				04A462B9292E08CB0009C57C /* SignInViewController.swift */,
				04A462D1292E29CF0009C57C /* SignInView.swift */,
			);
			path = "Sign In";
			sourceTree = "<group>";
		};
		04A462D9292E39650009C57C /* Coins */ = {
			isa = PBXGroup;
			children = (
				04A462DA292E39760009C57C /* Coins Set */,
				04A462DB292E39BB0009C57C /* Coin Details */,
			);
			path = Coins;
			sourceTree = "<group>";
		};
		04A462DA292E39760009C57C /* Coins Set */ = {
			isa = PBXGroup;
			children = (
				04A462DC292E3AA00009C57C /* CoinsSetViewController.swift */,
				04DBB028293768E1003F1660 /* CryptoTableViewCell.swift */,
			);
			path = "Coins Set";
			sourceTree = "<group>";
		};
		04A462DB292E39BB0009C57C /* Coin Details */ = {
			isa = PBXGroup;
			children = (
				0446F1A9294495AE0051F0B7 /* CoinDetailsViewController.swift */,
				0446F1AB294495DE0051F0B7 /* CoinDetailsView.swift */,
			);
			path = "Coin Details";
			sourceTree = "<group>";
		};
		04A462E02930B5030009C57C /* Coordinator */ = {
			isa = PBXGroup;
			children = (
				04A462E12930B5150009C57C /* Coordinator.swift */,
				04A462E32930B5230009C57C /* MainCoordinator.swift */,
			);
			path = Coordinator;
			sourceTree = "<group>";
		};
/* End PBXGroup section */

/* Begin PBXNativeTarget section */
		04A462B1292E08CB0009C57C /* CryptoWallet_GD */ = {
			isa = PBXNativeTarget;
			buildConfigurationList = 04A462C6292E08CE0009C57C /* Build configuration list for PBXNativeTarget "CryptoWallet_GD" */;
			buildPhases = (
				04A462AE292E08CB0009C57C /* Sources */,
				04A462AF292E08CB0009C57C /* Frameworks */,
				04A462B0292E08CB0009C57C /* Resources */,
			);
			buildRules = (
			);
			dependencies = (
			);
			name = CryptoWallet_GD;
			productName = CryptoWallet_GD;
			productReference = 04A462B2292E08CB0009C57C /* CryptoWallet_GD.app */;
			productType = "com.apple.product-type.application";
		};
/* End PBXNativeTarget section */

/* Begin PBXProject section */
		04A462AA292E08CB0009C57C /* Project object */ = {
			isa = PBXProject;
			attributes = {
				BuildIndependentTargetsInParallel = 1;
				LastSwiftUpdateCheck = 1340;
				LastUpgradeCheck = 1340;
				TargetAttributes = {
					04A462B1292E08CB0009C57C = {
						CreatedOnToolsVersion = 13.4.1;
					};
				};
			};
			buildConfigurationList = 04A462AD292E08CB0009C57C /* Build configuration list for PBXProject "CryptoWallet_GD" */;
			compatibilityVersion = "Xcode 13.0";
			developmentRegion = en;
			hasScannedForEncodings = 0;
			knownRegions = (
				en,
				Base,
			);
			mainGroup = 04A462A9292E08CB0009C57C;
			productRefGroup = 04A462B3292E08CB0009C57C /* Products */;
			projectDirPath = "";
			projectRoot = "";
			targets = (
				04A462B1292E08CB0009C57C /* CryptoWallet_GD */,
			);
		};
/* End PBXProject section */

/* Begin PBXResourcesBuildPhase section */
		04A462B0292E08CB0009C57C /* Resources */ = {
			isa = PBXResourcesBuildPhase;
			buildActionMask = 2147483647;
			files = (
				04A462C2292E08CE0009C57C /* LaunchScreen.storyboard in Resources */,
				04A462BF292E08CE0009C57C /* Assets.xcassets in Resources */,
			);
			runOnlyForDeploymentPostprocessing = 0;
		};
/* End PBXResourcesBuildPhase section */

/* Begin PBXSourcesBuildPhase section */
		04A462AE292E08CB0009C57C /* Sources */ = {
			isa = PBXSourcesBuildPhase;
			buildActionMask = 2147483647;
			files = (
				04A462BA292E08CB0009C57C /* SignInViewController.swift in Sources */,
				04A462E22930B5150009C57C /* Coordinator.swift in Sources */,
				0446F1AA294495AE0051F0B7 /* CoinDetailsViewController.swift in Sources */,
				04A462B6292E08CB0009C57C /* AppDelegate.swift in Sources */,
				04DBB029293768E1003F1660 /* CryptoTableViewCell.swift in Sources */,
				04A462E42930B5230009C57C /* MainCoordinator.swift in Sources */,
				04A462E62930B5D40009C57C /* SignInPresenter.swift in Sources */,
				04DBB02B29378129003F1660 /* APISource.swift in Sources */,
				04A462B8292E08CB0009C57C /* SceneDelegate.swift in Sources */,
				0446F1AC294495DE0051F0B7 /* CoinDetailsView.swift in Sources */,
				04DBB02D2938CF30003F1660 /* CryptoModel.swift in Sources */,
				043CD906293DF5F10073B8E6 /* CoinsSetPresenter.swift in Sources */,
				04A462D2292E29CF0009C57C /* SignInView.swift in Sources */,
				04A462DD292E3AA00009C57C /* CoinsSetViewController.swift in Sources */,
				04A462CF292E292E0009C57C /* AccessDataModel.swift in Sources */,
			);
			runOnlyForDeploymentPostprocessing = 0;
		};
/* End PBXSourcesBuildPhase section */

/* Begin PBXVariantGroup section */
		04A462C0292E08CE0009C57C /* LaunchScreen.storyboard */ = {
			isa = PBXVariantGroup;
			children = (
				04A462C1292E08CE0009C57C /* Base */,
			);
			name = LaunchScreen.storyboard;
			sourceTree = "<group>";
		};
/* End PBXVariantGroup section */

/* Begin XCBuildConfiguration section */
		04A462C4292E08CE0009C57C /* Debug */ = {
			isa = XCBuildConfiguration;
			buildSettings = {
				ALWAYS_SEARCH_USER_PATHS = NO;
				CLANG_ANALYZER_NONNULL = YES;
				CLANG_ANALYZER_NUMBER_OBJECT_CONVERSION = YES_AGGRESSIVE;
				CLANG_CXX_LANGUAGE_STANDARD = "gnu++17";
				CLANG_ENABLE_MODULES = YES;
				CLANG_ENABLE_OBJC_ARC = YES;
				CLANG_ENABLE_OBJC_WEAK = YES;
				CLANG_WARN_BLOCK_CAPTURE_AUTORELEASING = YES;
				CLANG_WARN_BOOL_CONVERSION = YES;
				CLANG_WARN_COMMA = YES;
				CLANG_WARN_CONSTANT_CONVERSION = YES;
				CLANG_WARN_DEPRECATED_OBJC_IMPLEMENTATIONS = YES;
				CLANG_WARN_DIRECT_OBJC_ISA_USAGE = YES_ERROR;
				CLANG_WARN_DOCUMENTATION_COMMENTS = YES;
				CLANG_WARN_EMPTY_BODY = YES;
				CLANG_WARN_ENUM_CONVERSION = YES;
				CLANG_WARN_INFINITE_RECURSION = YES;
				CLANG_WARN_INT_CONVERSION = YES;
				CLANG_WARN_NON_LITERAL_NULL_CONVERSION = YES;
				CLANG_WARN_OBJC_IMPLICIT_RETAIN_SELF = YES;
				CLANG_WARN_OBJC_LITERAL_CONVERSION = YES;
				CLANG_WARN_OBJC_ROOT_CLASS = YES_ERROR;
				CLANG_WARN_QUOTED_INCLUDE_IN_FRAMEWORK_HEADER = YES;
				CLANG_WARN_RANGE_LOOP_ANALYSIS = YES;
				CLANG_WARN_STRICT_PROTOTYPES = YES;
				CLANG_WARN_SUSPICIOUS_MOVE = YES;
				CLANG_WARN_UNGUARDED_AVAILABILITY = YES_AGGRESSIVE;
				CLANG_WARN_UNREACHABLE_CODE = YES;
				CLANG_WARN__DUPLICATE_METHOD_MATCH = YES;
				COPY_PHASE_STRIP = NO;
				DEBUG_INFORMATION_FORMAT = dwarf;
				ENABLE_STRICT_OBJC_MSGSEND = YES;
				ENABLE_TESTABILITY = YES;
				GCC_C_LANGUAGE_STANDARD = gnu11;
				GCC_DYNAMIC_NO_PIC = NO;
				GCC_NO_COMMON_BLOCKS = YES;
				GCC_OPTIMIZATION_LEVEL = 0;
				GCC_PREPROCESSOR_DEFINITIONS = (
					"DEBUG=1",
					"$(inherited)",
				);
				GCC_WARN_64_TO_32_BIT_CONVERSION = YES;
				GCC_WARN_ABOUT_RETURN_TYPE = YES_ERROR;
				GCC_WARN_UNDECLARED_SELECTOR = YES;
				GCC_WARN_UNINITIALIZED_AUTOS = YES_AGGRESSIVE;
				GCC_WARN_UNUSED_FUNCTION = YES;
				GCC_WARN_UNUSED_VARIABLE = YES;
				IPHONEOS_DEPLOYMENT_TARGET = 15.5;
				MTL_ENABLE_DEBUG_INFO = INCLUDE_SOURCE;
				MTL_FAST_MATH = YES;
				ONLY_ACTIVE_ARCH = YES;
				SDKROOT = iphoneos;
				SWIFT_ACTIVE_COMPILATION_CONDITIONS = DEBUG;
				SWIFT_OPTIMIZATION_LEVEL = "-Onone";
			};
			name = Debug;
		};
		04A462C5292E08CE0009C57C /* Release */ = {
			isa = XCBuildConfiguration;
			buildSettings = {
				ALWAYS_SEARCH_USER_PATHS = NO;
				CLANG_ANALYZER_NONNULL = YES;
				CLANG_ANALYZER_NUMBER_OBJECT_CONVERSION = YES_AGGRESSIVE;
				CLANG_CXX_LANGUAGE_STANDARD = "gnu++17";
				CLANG_ENABLE_MODULES = YES;
				CLANG_ENABLE_OBJC_ARC = YES;
				CLANG_ENABLE_OBJC_WEAK = YES;
				CLANG_WARN_BLOCK_CAPTURE_AUTORELEASING = YES;
				CLANG_WARN_BOOL_CONVERSION = YES;
				CLANG_WARN_COMMA = YES;
				CLANG_WARN_CONSTANT_CONVERSION = YES;
				CLANG_WARN_DEPRECATED_OBJC_IMPLEMENTATIONS = YES;
				CLANG_WARN_DIRECT_OBJC_ISA_USAGE = YES_ERROR;
				CLANG_WARN_DOCUMENTATION_COMMENTS = YES;
				CLANG_WARN_EMPTY_BODY = YES;
				CLANG_WARN_ENUM_CONVERSION = YES;
				CLANG_WARN_INFINITE_RECURSION = YES;
				CLANG_WARN_INT_CONVERSION = YES;
				CLANG_WARN_NON_LITERAL_NULL_CONVERSION = YES;
				CLANG_WARN_OBJC_IMPLICIT_RETAIN_SELF = YES;
				CLANG_WARN_OBJC_LITERAL_CONVERSION = YES;
				CLANG_WARN_OBJC_ROOT_CLASS = YES_ERROR;
				CLANG_WARN_QUOTED_INCLUDE_IN_FRAMEWORK_HEADER = YES;
				CLANG_WARN_RANGE_LOOP_ANALYSIS = YES;
				CLANG_WARN_STRICT_PROTOTYPES = YES;
				CLANG_WARN_SUSPICIOUS_MOVE = YES;
				CLANG_WARN_UNGUARDED_AVAILABILITY = YES_AGGRESSIVE;
				CLANG_WARN_UNREACHABLE_CODE = YES;
				CLANG_WARN__DUPLICATE_METHOD_MATCH = YES;
				COPY_PHASE_STRIP = NO;
				DEBUG_INFORMATION_FORMAT = "dwarf-with-dsym";
				ENABLE_NS_ASSERTIONS = NO;
				ENABLE_STRICT_OBJC_MSGSEND = YES;
				GCC_C_LANGUAGE_STANDARD = gnu11;
				GCC_NO_COMMON_BLOCKS = YES;
				GCC_WARN_64_TO_32_BIT_CONVERSION = YES;
				GCC_WARN_ABOUT_RETURN_TYPE = YES_ERROR;
				GCC_WARN_UNDECLARED_SELECTOR = YES;
				GCC_WARN_UNINITIALIZED_AUTOS = YES_AGGRESSIVE;
				GCC_WARN_UNUSED_FUNCTION = YES;
				GCC_WARN_UNUSED_VARIABLE = YES;
				IPHONEOS_DEPLOYMENT_TARGET = 15.5;
				MTL_ENABLE_DEBUG_INFO = NO;
				MTL_FAST_MATH = YES;
				SDKROOT = iphoneos;
				SWIFT_COMPILATION_MODE = wholemodule;
				SWIFT_OPTIMIZATION_LEVEL = "-O";
				VALIDATE_PRODUCT = YES;
			};
			name = Release;
		};
		04A462C7292E08CE0009C57C /* Debug */ = {
			isa = XCBuildConfiguration;
			buildSettings = {
				ASSETCATALOG_COMPILER_APPICON_NAME = AppIcon;
				ASSETCATALOG_COMPILER_GLOBAL_ACCENT_COLOR_NAME = AccentColor;
				CODE_SIGN_STYLE = Automatic;
				CURRENT_PROJECT_VERSION = 1;
				DEVELOPMENT_TEAM = A3S62WLAUQ;
				GENERATE_INFOPLIST_FILE = YES;
				INFOPLIST_FILE = CryptoWallet_GD/Info.plist;
				INFOPLIST_KEY_UIApplicationSupportsIndirectInputEvents = YES;
				INFOPLIST_KEY_UILaunchStoryboardName = LaunchScreen;
				INFOPLIST_KEY_UISupportedInterfaceOrientations = UIInterfaceOrientationPortrait;
				INFOPLIST_KEY_UISupportedInterfaceOrientations_iPad = "UIInterfaceOrientationLandscapeLeft UIInterfaceOrientationLandscapeRight UIInterfaceOrientationPortrait UIInterfaceOrientationPortraitUpsideDown";
				LD_RUNPATH_SEARCH_PATHS = (
					"$(inherited)",
					"@executable_path/Frameworks",
				);
				MARKETING_VERSION = 1.0;
				PRODUCT_BUNDLE_IDENTIFIER = "GD.CryptoWallet-GD";
				PRODUCT_NAME = "$(TARGET_NAME)";
				SWIFT_EMIT_LOC_STRINGS = YES;
				SWIFT_VERSION = 5.0;
				TARGETED_DEVICE_FAMILY = 1;
			};
			name = Debug;
		};
		04A462C8292E08CE0009C57C /* Release */ = {
			isa = XCBuildConfiguration;
			buildSettings = {
				ASSETCATALOG_COMPILER_APPICON_NAME = AppIcon;
				ASSETCATALOG_COMPILER_GLOBAL_ACCENT_COLOR_NAME = AccentColor;
				CODE_SIGN_STYLE = Automatic;
				CURRENT_PROJECT_VERSION = 1;
				DEVELOPMENT_TEAM = A3S62WLAUQ;
				GENERATE_INFOPLIST_FILE = YES;
				INFOPLIST_FILE = CryptoWallet_GD/Info.plist;
				INFOPLIST_KEY_UIApplicationSupportsIndirectInputEvents = YES;
				INFOPLIST_KEY_UILaunchStoryboardName = LaunchScreen;
				INFOPLIST_KEY_UISupportedInterfaceOrientations = UIInterfaceOrientationPortrait;
				INFOPLIST_KEY_UISupportedInterfaceOrientations_iPad = "UIInterfaceOrientationLandscapeLeft UIInterfaceOrientationLandscapeRight UIInterfaceOrientationPortrait UIInterfaceOrientationPortraitUpsideDown";
				LD_RUNPATH_SEARCH_PATHS = (
					"$(inherited)",
					"@executable_path/Frameworks",
				);
				MARKETING_VERSION = 1.0;
				PRODUCT_BUNDLE_IDENTIFIER = "GD.CryptoWallet-GD";
				PRODUCT_NAME = "$(TARGET_NAME)";
				SWIFT_EMIT_LOC_STRINGS = YES;
				SWIFT_VERSION = 5.0;
				TARGETED_DEVICE_FAMILY = 1;
			};
			name = Release;
		};
/* End XCBuildConfiguration section */

/* Begin XCConfigurationList section */
		04A462AD292E08CB0009C57C /* Build configuration list for PBXProject "CryptoWallet_GD" */ = {
			isa = XCConfigurationList;
			buildConfigurations = (
				04A462C4292E08CE0009C57C /* Debug */,
				04A462C5292E08CE0009C57C /* Release */,
			);
			defaultConfigurationIsVisible = 0;
			defaultConfigurationName = Release;
		};
		04A462C6292E08CE0009C57C /* Build configuration list for PBXNativeTarget "CryptoWallet_GD" */ = {
			isa = XCConfigurationList;
			buildConfigurations = (
				04A462C7292E08CE0009C57C /* Debug */,
				04A462C8292E08CE0009C57C /* Release */,
			);
			defaultConfigurationIsVisible = 0;
			defaultConfigurationName = Release;
		};
/* End XCConfigurationList section */
	};
	rootObject = 04A462AA292E08CB0009C57C /* Project object */;
}
